// !$*UTF8*$!
{
	archiveVersion = 1;
	classes = {
	};
	objectVersion = 56;
	objects = {

/* Begin PBXBuildFile section */
		98F176B32AF1EEF10046BBC4 /* OCalcApp.swift in Sources */ = {isa = PBXBuildFile; fileRef = 98F176B22AF1EEF10046BBC4 /* OCalcApp.swift */; };
		98F176B52AF1EEF10046BBC4 /* ContentView.swift in Sources */ = {isa = PBXBuildFile; fileRef = 98F176B42AF1EEF10046BBC4 /* ContentView.swift */; };
		98F176B72AF1EEF20046BBC4 /* Assets.xcassets in Resources */ = {isa = PBXBuildFile; fileRef = 98F176B62AF1EEF20046BBC4 /* Assets.xcassets */; };
		98F176BA2AF1EEF20046BBC4 /* Preview Assets.xcassets in Resources */ = {isa = PBXBuildFile; fileRef = 98F176B92AF1EEF20046BBC4 /* Preview Assets.xcassets */; };
		98F176C22AF1EFE60046BBC4 /* Number.swift in Sources */ = {isa = PBXBuildFile; fileRef = 98F176C12AF1EFE60046BBC4 /* Number.swift */; };
		98F176C42AF1F1270046BBC4 /* Operators.swift in Sources */ = {isa = PBXBuildFile; fileRef = 98F176C32AF1F1270046BBC4 /* Operators.swift */; };
		98F176C72AF1F2650046BBC4 /* LayoutManager.swift in Sources */ = {isa = PBXBuildFile; fileRef = 98F176C62AF1F2650046BBC4 /* LayoutManager.swift */; };
		98F176C92AF68C200046BBC4 /* LogicManager.swift in Sources */ = {isa = PBXBuildFile; fileRef = 98F176C82AF68C200046BBC4 /* LogicManager.swift */; };
/* End PBXBuildFile section */

/* Begin PBXFileReference section */
		98F176AF2AF1EEF10046BBC4 /* OCalc.app */ = {isa = PBXFileReference; explicitFileType = wrapper.application; includeInIndex = 0; path = OCalc.app; sourceTree = BUILT_PRODUCTS_DIR; };
		98F176B22AF1EEF10046BBC4 /* OCalcApp.swift */ = {isa = PBXFileReference; lastKnownFileType = sourcecode.swift; path = OCalcApp.swift; sourceTree = "<group>"; };
		98F176B42AF1EEF10046BBC4 /* ContentView.swift */ = {isa = PBXFileReference; lastKnownFileType = sourcecode.swift; path = ContentView.swift; sourceTree = "<group>"; };
		98F176B62AF1EEF20046BBC4 /* Assets.xcassets */ = {isa = PBXFileReference; lastKnownFileType = folder.assetcatalog; path = Assets.xcassets; sourceTree = "<group>"; };
		98F176B92AF1EEF20046BBC4 /* Preview Assets.xcassets */ = {isa = PBXFileReference; lastKnownFileType = folder.assetcatalog; path = "Preview Assets.xcassets"; sourceTree = "<group>"; };
		98F176C12AF1EFE60046BBC4 /* Number.swift */ = {isa = PBXFileReference; lastKnownFileType = sourcecode.swift; path = Number.swift; sourceTree = "<group>"; };
		98F176C32AF1F1270046BBC4 /* Operators.swift */ = {isa = PBXFileReference; lastKnownFileType = sourcecode.swift; path = Operators.swift; sourceTree = "<group>"; };
		98F176C62AF1F2650046BBC4 /* LayoutManager.swift */ = {isa = PBXFileReference; lastKnownFileType = sourcecode.swift; path = LayoutManager.swift; sourceTree = "<group>"; };
		98F176C82AF68C200046BBC4 /* LogicManager.swift */ = {isa = PBXFileReference; lastKnownFileType = sourcecode.swift; path = LogicManager.swift; sourceTree = "<group>"; };
/* End PBXFileReference section */

/* Begin PBXFrameworksBuildPhase section */
		98F176AC2AF1EEF10046BBC4 /* Frameworks */ = {
			isa = PBXFrameworksBuildPhase;
			buildActionMask = 2147483647;
			files = (
			);
			runOnlyForDeploymentPostprocessing = 0;
		};
/* End PBXFrameworksBuildPhase section */

/* Begin PBXGroup section */
		98F176A62AF1EEF10046BBC4 = {
			isa = PBXGroup;
			children = (
				98F176B12AF1EEF10046BBC4 /* OCalc */,
				98F176B02AF1EEF10046BBC4 /* Products */,
			);
			sourceTree = "<group>";
		};
		98F176B02AF1EEF10046BBC4 /* Products */ = {
			isa = PBXGroup;
			children = (
				98F176AF2AF1EEF10046BBC4 /* OCalc.app */,
			);
			name = Products;
			sourceTree = "<group>";
		};
		98F176B12AF1EEF10046BBC4 /* OCalc */ = {
			isa = PBXGroup;
			children = (
				98F176C52AF1F24F0046BBC4 /* Managers */,
				98F176C02AF1EFCE0046BBC4 /* Operators */,
				98F176B22AF1EEF10046BBC4 /* OCalcApp.swift */,
				98F176B42AF1EEF10046BBC4 /* ContentView.swift */,
				98F176B62AF1EEF20046BBC4 /* Assets.xcassets */,
				98F176B82AF1EEF20046BBC4 /* Preview Content */,
			);
			path = OCalc;
			sourceTree = "<group>";
		};
		98F176B82AF1EEF20046BBC4 /* Preview Content */ = {
			isa = PBXGroup;
			children = (
				98F176B92AF1EEF20046BBC4 /* Preview Assets.xcassets */,
			);
			path = "Preview Content";
			sourceTree = "<group>";
		};
		98F176C02AF1EFCE0046BBC4 /* Operators */ = {
			isa = PBXGroup;
			children = (
				98F176C12AF1EFE60046BBC4 /* Number.swift */,
				98F176C32AF1F1270046BBC4 /* Operators.swift */,
			);
			path = Operators;
			sourceTree = "<group>";
		};
		98F176C52AF1F24F0046BBC4 /* Managers */ = {
			isa = PBXGroup;
			children = (
				98F176C62AF1F2650046BBC4 /* LayoutManager.swift */,
				98F176C82AF68C200046BBC4 /* LogicManager.swift */,
			);
			path = Managers;
			sourceTree = "<group>";
		};
/* End PBXGroup section */

/* Begin PBXNativeTarget section */
		98F176AE2AF1EEF10046BBC4 /* OCalc */ = {
			isa = PBXNativeTarget;
			buildConfigurationList = 98F176BD2AF1EEF20046BBC4 /* Build configuration list for PBXNativeTarget "OCalc" */;
			buildPhases = (
				98F176AB2AF1EEF10046BBC4 /* Sources */,
				98F176AC2AF1EEF10046BBC4 /* Frameworks */,
				98F176AD2AF1EEF10046BBC4 /* Resources */,
			);
			buildRules = (
			);
			dependencies = (
			);
			name = OCalc;
			productName = OCalc;
			productReference = 98F176AF2AF1EEF10046BBC4 /* OCalc.app */;
			productType = "com.apple.product-type.application";
		};
/* End PBXNativeTarget section */

/* Begin PBXProject section */
		98F176A72AF1EEF10046BBC4 /* Project object */ = {
			isa = PBXProject;
			attributes = {
				BuildIndependentTargetsInParallel = 1;
				LastSwiftUpdateCheck = 1500;
				LastUpgradeCheck = 1500;
				TargetAttributes = {
					98F176AE2AF1EEF10046BBC4 = {
						CreatedOnToolsVersion = 15.0.1;
					};
				};
			};
			buildConfigurationList = 98F176AA2AF1EEF10046BBC4 /* Build configuration list for PBXProject "OCalc" */;
			compatibilityVersion = "Xcode 14.0";
			developmentRegion = en;
			hasScannedForEncodings = 0;
			knownRegions = (
				en,
				Base,
			);
			mainGroup = 98F176A62AF1EEF10046BBC4;
			productRefGroup = 98F176B02AF1EEF10046BBC4 /* Products */;
			projectDirPath = "";
			projectRoot = "";
			targets = (
				98F176AE2AF1EEF10046BBC4 /* OCalc */,
			);
		};
/* End PBXProject section */

/* Begin PBXResourcesBuildPhase section */
		98F176AD2AF1EEF10046BBC4 /* Resources */ = {
			isa = PBXResourcesBuildPhase;
			buildActionMask = 2147483647;
			files = (
				98F176BA2AF1EEF20046BBC4 /* Preview Assets.xcassets in Resources */,
				98F176B72AF1EEF20046BBC4 /* Assets.xcassets in Resources */,
			);
			runOnlyForDeploymentPostprocessing = 0;
		};
/* End PBXResourcesBuildPhase section */

/* Begin PBXSourcesBuildPhase section */
		98F176AB2AF1EEF10046BBC4 /* Sources */ = {
			isa = PBXSourcesBuildPhase;
			buildActionMask = 2147483647;
			files = (
				98F176C72AF1F2650046BBC4 /* LayoutManager.swift in Sources */,
				98F176B52AF1EEF10046BBC4 /* ContentView.swift in Sources */,
				98F176C42AF1F1270046BBC4 /* Operators.swift in Sources */,
				98F176B32AF1EEF10046BBC4 /* OCalcApp.swift in Sources */,
				98F176C92AF68C200046BBC4 /* LogicManager.swift in Sources */,
				98F176C22AF1EFE60046BBC4 /* Number.swift in Sources */,
			);
			runOnlyForDeploymentPostprocessing = 0;
		};
/* End PBXSourcesBuildPhase section */

/* Begin XCBuildConfiguration section */
		98F176BB2AF1EEF20046BBC4 /* Debug */ = {
			isa = XCBuildConfiguration;
			buildSettings = {
				ALWAYS_SEARCH_USER_PATHS = NO;
				ASSETCATALOG_COMPILER_GENERATE_SWIFT_ASSET_SYMBOL_EXTENSIONS = YES;
				CLANG_ANALYZER_NONNULL = YES;
				CLANG_ANALYZER_NUMBER_OBJECT_CONVERSION = YES_AGGRESSIVE;
				CLANG_CXX_LANGUAGE_STANDARD = "gnu++20";
				CLANG_ENABLE_MODULES = YES;
				CLANG_ENABLE_OBJC_ARC = YES;
				CLANG_ENABLE_OBJC_WEAK = YES;
				CLANG_WARN_BLOCK_CAPTURE_AUTORELEASING = YES;
				CLANG_WARN_BOOL_CONVERSION = YES;
				CLANG_WARN_COMMA = YES;
				CLANG_WARN_CONSTANT_CONVERSION = YES;
				CLANG_WARN_DEPRECATED_OBJC_IMPLEMENTATIONS = YES;
				CLANG_WARN_DIRECT_OBJC_ISA_USAGE = YES_ERROR;
				CLANG_WARN_DOCUMENTATION_COMMENTS = YES;
				CLANG_WARN_EMPTY_BODY = YES;
				CLANG_WARN_ENUM_CONVERSION = YES;
				CLANG_WARN_INFINITE_RECURSION = YES;
				CLANG_WARN_INT_CONVERSION = YES;
				CLANG_WARN_NON_LITERAL_NULL_CONVERSION = YES;
				CLANG_WARN_OBJC_IMPLICIT_RETAIN_SELF = YES;
				CLANG_WARN_OBJC_LITERAL_CONVERSION = YES;
				CLANG_WARN_OBJC_ROOT_CLASS = YES_ERROR;
				CLANG_WARN_QUOTED_INCLUDE_IN_FRAMEWORK_HEADER = YES;
				CLANG_WARN_RANGE_LOOP_ANALYSIS = YES;
				CLANG_WARN_STRICT_PROTOTYPES = YES;
				CLANG_WARN_SUSPICIOUS_MOVE = YES;
				CLANG_WARN_UNGUARDED_AVAILABILITY = YES_AGGRESSIVE;
				CLANG_WARN_UNREACHABLE_CODE = YES;
				CLANG_WARN__DUPLICATE_METHOD_MATCH = YES;
				COPY_PHASE_STRIP = NO;
				DEBUG_INFORMATION_FORMAT = dwarf;
				ENABLE_STRICT_OBJC_MSGSEND = YES;
				ENABLE_TESTABILITY = YES;
				ENABLE_USER_SCRIPT_SANDBOXING = YES;
				GCC_C_LANGUAGE_STANDARD = gnu17;
				GCC_DYNAMIC_NO_PIC = NO;
				GCC_NO_COMMON_BLOCKS = YES;
				GCC_OPTIMIZATION_LEVEL = 0;
				GCC_PREPROCESSOR_DEFINITIONS = (
					"DEBUG=1",
					"$(inherited)",
				);
				GCC_WARN_64_TO_32_BIT_CONVERSION = YES;
				GCC_WARN_ABOUT_RETURN_TYPE = YES_ERROR;
				GCC_WARN_UNDECLARED_SELECTOR = YES;
				GCC_WARN_UNINITIALIZED_AUTOS = YES_AGGRESSIVE;
				GCC_WARN_UNUSED_FUNCTION = YES;
				GCC_WARN_UNUSED_VARIABLE = YES;
				IPHONEOS_DEPLOYMENT_TARGET = 17.0;
				LOCALIZATION_PREFERS_STRING_CATALOGS = YES;
				MTL_ENABLE_DEBUG_INFO = INCLUDE_SOURCE;
				MTL_FAST_MATH = YES;
				ONLY_ACTIVE_ARCH = YES;
				SDKROOT = iphoneos;
				SWIFT_ACTIVE_COMPILATION_CONDITIONS = "DEBUG $(inherited)";
				SWIFT_OPTIMIZATION_LEVEL = "-Onone";
			};
			name = Debug;
		};
		98F176BC2AF1EEF20046BBC4 /* Release */ = {
			isa = XCBuildConfiguration;
			buildSettings = {
				ALWAYS_SEARCH_USER_PATHS = NO;
				ASSETCATALOG_COMPILER_GENERATE_SWIFT_ASSET_SYMBOL_EXTENSIONS = YES;
				CLANG_ANALYZER_NONNULL = YES;
				CLANG_ANALYZER_NUMBER_OBJECT_CONVERSION = YES_AGGRESSIVE;
				CLANG_CXX_LANGUAGE_STANDARD = "gnu++20";
				CLANG_ENABLE_MODULES = YES;
				CLANG_ENABLE_OBJC_ARC = YES;
				CLANG_ENABLE_OBJC_WEAK = YES;
				CLANG_WARN_BLOCK_CAPTURE_AUTORELEASING = YES;
				CLANG_WARN_BOOL_CONVERSION = YES;
				CLANG_WARN_COMMA = YES;
				CLANG_WARN_CONSTANT_CONVERSION = YES;
				CLANG_WARN_DEPRECATED_OBJC_IMPLEMENTATIONS = YES;
				CLANG_WARN_DIRECT_OBJC_ISA_USAGE = YES_ERROR;
				CLANG_WARN_DOCUMENTATION_COMMENTS = YES;
				CLANG_WARN_EMPTY_BODY = YES;
				CLANG_WARN_ENUM_CONVERSION = YES;
				CLANG_WARN_INFINITE_RECURSION = YES;
				CLANG_WARN_INT_CONVERSION = YES;
				CLANG_WARN_NON_LITERAL_NULL_CONVERSION = YES;
				CLANG_WARN_OBJC_IMPLICIT_RETAIN_SELF = YES;
				CLANG_WARN_OBJC_LITERAL_CONVERSION = YES;
				CLANG_WARN_OBJC_ROOT_CLASS = YES_ERROR;
				CLANG_WARN_QUOTED_INCLUDE_IN_FRAMEWORK_HEADER = YES;
				CLANG_WARN_RANGE_LOOP_ANALYSIS = YES;
				CLANG_WARN_STRICT_PROTOTYPES = YES;
				CLANG_WARN_SUSPICIOUS_MOVE = YES;
				CLANG_WARN_UNGUARDED_AVAILABILITY = YES_AGGRESSIVE;
				CLANG_WARN_UNREACHABLE_CODE = YES;
				CLANG_WARN__DUPLICATE_METHOD_MATCH = YES;
				COPY_PHASE_STRIP = NO;
				DEBUG_INFORMATION_FORMAT = "dwarf-with-dsym";
				ENABLE_NS_ASSERTIONS = NO;
				ENABLE_STRICT_OBJC_MSGSEND = YES;
				ENABLE_USER_SCRIPT_SANDBOXING = YES;
				GCC_C_LANGUAGE_STANDARD = gnu17;
				GCC_NO_COMMON_BLOCKS = YES;
				GCC_WARN_64_TO_32_BIT_CONVERSION = YES;
				GCC_WARN_ABOUT_RETURN_TYPE = YES_ERROR;
				GCC_WARN_UNDECLARED_SELECTOR = YES;
				GCC_WARN_UNINITIALIZED_AUTOS = YES_AGGRESSIVE;
				GCC_WARN_UNUSED_FUNCTION = YES;
				GCC_WARN_UNUSED_VARIABLE = YES;
				IPHONEOS_DEPLOYMENT_TARGET = 17.0;
				LOCALIZATION_PREFERS_STRING_CATALOGS = YES;
				MTL_ENABLE_DEBUG_INFO = NO;
				MTL_FAST_MATH = YES;
				SDKROOT = iphoneos;
				SWIFT_COMPILATION_MODE = wholemodule;
				VALIDATE_PRODUCT = YES;
			};
			name = Release;
		};
		98F176BE2AF1EEF20046BBC4 /* Debug */ = {
			isa = XCBuildConfiguration;
			buildSettings = {
				ASSETCATALOG_COMPILER_APPICON_NAME = AppIcon;
				ASSETCATALOG_COMPILER_GLOBAL_ACCENT_COLOR_NAME = AccentColor;
				CODE_SIGN_STYLE = Automatic;
				CURRENT_PROJECT_VERSION = 1;
				DEVELOPMENT_ASSET_PATHS = "\"OCalc/Preview Content\"";
				DEVELOPMENT_TEAM = 58DF73FN4T;
				ENABLE_PREVIEWS = YES;
				GENERATE_INFOPLIST_FILE = YES;
				INFOPLIST_KEY_UIApplicationSceneManifest_Generation = YES;
				INFOPLIST_KEY_UIApplicationSupportsIndirectInputEvents = YES;
				INFOPLIST_KEY_UILaunchScreen_Generation = YES;
				INFOPLIST_KEY_UISupportedInterfaceOrientations_iPad = "UIInterfaceOrientationPortrait UIInterfaceOrientationPortraitUpsideDown UIInterfaceOrientationLandscapeLeft UIInterfaceOrientationLandscapeRight";
				INFOPLIST_KEY_UISupportedInterfaceOrientations_iPhone = "UIInterfaceOrientationPortrait UIInterfaceOrientationLandscapeLeft UIInterfaceOrientationLandscapeRight";
				LD_RUNPATH_SEARCH_PATHS = (
					"$(inherited)",
					"@executable_path/Frameworks",
				);
				MARKETING_VERSION = 1.0;
				PRODUCT_BUNDLE_IDENTIFIER = com.kaneis.OCalc;
				PRODUCT_NAME = "$(TARGET_NAME)";
				SWIFT_EMIT_LOC_STRINGS = YES;
				SWIFT_VERSION = 5.0;
				TARGETED_DEVICE_FAMILY = "1,2";
			};
			name = Debug;
		};
		98F176BF2AF1EEF20046BBC4 /* Release */ = {
			isa = XCBuildConfiguration;
			buildSettings = {
				ASSETCATALOG_COMPILER_APPICON_NAME = AppIcon;
				ASSETCATALOG_COMPILER_GLOBAL_ACCENT_COLOR_NAME = AccentColor;
				CODE_SIGN_STYLE = Automatic;
				CURRENT_PROJECT_VERSION = 1;
				DEVELOPMENT_ASSET_PATHS = "\"OCalc/Preview Content\"";
				DEVELOPMENT_TEAM = 58DF73FN4T;
				ENABLE_PREVIEWS = YES;
				GENERATE_INFOPLIST_FILE = YES;
				INFOPLIST_KEY_UIApplicationSceneManifest_Generation = YES;
				INFOPLIST_KEY_UIApplicationSupportsIndirectInputEvents = YES;
				INFOPLIST_KEY_UILaunchScreen_Generation = YES;
				INFOPLIST_KEY_UISupportedInterfaceOrientations_iPad = "UIInterfaceOrientationPortrait UIInterfaceOrientationPortraitUpsideDown UIInterfaceOrientationLandscapeLeft UIInterfaceOrientationLandscapeRight";
				INFOPLIST_KEY_UISupportedInterfaceOrientations_iPhone = "UIInterfaceOrientationPortrait UIInterfaceOrientationLandscapeLeft UIInterfaceOrientationLandscapeRight";
				LD_RUNPATH_SEARCH_PATHS = (
					"$(inherited)",
					"@executable_path/Frameworks",
				);
				MARKETING_VERSION = 1.0;
				PRODUCT_BUNDLE_IDENTIFIER = com.kaneis.OCalc;
				PRODUCT_NAME = "$(TARGET_NAME)";
				SWIFT_EMIT_LOC_STRINGS = YES;
				SWIFT_VERSION = 5.0;
				TARGETED_DEVICE_FAMILY = "1,2";
			};
			name = Release;
		};
/* End XCBuildConfiguration section */

/* Begin XCConfigurationList section */
		98F176AA2AF1EEF10046BBC4 /* Build configuration list for PBXProject "OCalc" */ = {
			isa = XCConfigurationList;
			buildConfigurations = (
				98F176BB2AF1EEF20046BBC4 /* Debug */,
				98F176BC2AF1EEF20046BBC4 /* Release */,
			);
			defaultConfigurationIsVisible = 0;
			defaultConfigurationName = Release;
		};
		98F176BD2AF1EEF20046BBC4 /* Build configuration list for PBXNativeTarget "OCalc" */ = {
			isa = XCConfigurationList;
			buildConfigurations = (
				98F176BE2AF1EEF20046BBC4 /* Debug */,
				98F176BF2AF1EEF20046BBC4 /* Release */,
			);
			defaultConfigurationIsVisible = 0;
			defaultConfigurationName = Release;
		};
/* End XCConfigurationList section */
	};
	rootObject = 98F176A72AF1EEF10046BBC4 /* Project object */;
}
